// !$*UTF8*$!
{
	archiveVersion = 1;
	classes = {
	};
	objectVersion = 46;
	objects = {

/* Begin PBXBuildFile section */
		5F22F94E19519655009CCD38 /* Foundation.framework in Frameworks */ = {isa = PBXBuildFile; fileRef = 5F22F94D19519655009CCD38 /* Foundation.framework */; };
		5F22F95019519655009CCD38 /* CoreGraphics.framework in Frameworks */ = {isa = PBXBuildFile; fileRef = 5F22F94F19519655009CCD38 /* CoreGraphics.framework */; };
		5F22F95219519655009CCD38 /* UIKit.framework in Frameworks */ = {isa = PBXBuildFile; fileRef = 5F22F95119519655009CCD38 /* UIKit.framework */; };
		5F22F95819519655009CCD38 /* InfoPlist.strings in Resources */ = {isa = PBXBuildFile; fileRef = 5F22F95619519655009CCD38 /* InfoPlist.strings */; };
		5F22F95A19519655009CCD38 /* main.m in Sources */ = {isa = PBXBuildFile; fileRef = 5F22F95919519655009CCD38 /* main.m */; };
		5F22F95E19519655009CCD38 /* AppDelegate.m in Sources */ = {isa = PBXBuildFile; fileRef = 5F22F95D19519655009CCD38 /* AppDelegate.m */; };
		5F22F96019519655009CCD38 /* Images.xcassets in Resources */ = {isa = PBXBuildFile; fileRef = 5F22F95F19519655009CCD38 /* Images.xcassets */; };
		5F22F96719519655009CCD38 /* XCTest.framework in Frameworks */ = {isa = PBXBuildFile; fileRef = 5F22F96619519655009CCD38 /* XCTest.framework */; };
		5F22F96819519655009CCD38 /* Foundation.framework in Frameworks */ = {isa = PBXBuildFile; fileRef = 5F22F94D19519655009CCD38 /* Foundation.framework */; };
		5F22F96919519655009CCD38 /* UIKit.framework in Frameworks */ = {isa = PBXBuildFile; fileRef = 5F22F95119519655009CCD38 /* UIKit.framework */; };
		5F22F97119519655009CCD38 /* InfoPlist.strings in Resources */ = {isa = PBXBuildFile; fileRef = 5F22F96F19519655009CCD38 /* InfoPlist.strings */; };
		5F22F97319519655009CCD38 /* YRTransitionDemoTests.m in Sources */ = {isa = PBXBuildFile; fileRef = 5F22F97219519655009CCD38 /* YRTransitionDemoTests.m */; };
		5F22F98319519666009CCD38 /* UINavigationController+YRTransition.m in Sources */ = {isa = PBXBuildFile; fileRef = 5F22F97E19519666009CCD38 /* UINavigationController+YRTransition.m */; };
		5F22F98419519666009CCD38 /* UIView+YRTransition.m in Sources */ = {isa = PBXBuildFile; fileRef = 5F22F98019519666009CCD38 /* UIView+YRTransition.m */; };
		5F22F98519519666009CCD38 /* YRTransition.m in Sources */ = {isa = PBXBuildFile; fileRef = 5F22F98219519666009CCD38 /* YRTransition.m */; };
		5F22F98819519687009CCD38 /* RootViewController.m in Sources */ = {isa = PBXBuildFile; fileRef = 5F22F98719519687009CCD38 /* RootViewController.m */; };
/* End PBXBuildFile section */

/* Begin PBXContainerItemProxy section */
		5F22F96A19519655009CCD38 /* PBXContainerItemProxy */ = {
			isa = PBXContainerItemProxy;
			containerPortal = 5F22F94219519655009CCD38 /* Project object */;
			proxyType = 1;
			remoteGlobalIDString = 5F22F94919519655009CCD38;
			remoteInfo = YRTransitionDemo;
		};
/* End PBXContainerItemProxy section */

/* Begin PBXFileReference section */
		5F22F94A19519655009CCD38 /* YRTransitionDemo.app */ = {isa = PBXFileReference; explicitFileType = wrapper.application; includeInIndex = 0; path = YRTransitionDemo.app; sourceTree = BUILT_PRODUCTS_DIR; };
		5F22F94D19519655009CCD38 /* Foundation.framework */ = {isa = PBXFileReference; lastKnownFileType = wrapper.framework; name = Foundation.framework; path = System/Library/Frameworks/Foundation.framework; sourceTree = SDKROOT; };
		5F22F94F19519655009CCD38 /* CoreGraphics.framework */ = {isa = PBXFileReference; lastKnownFileType = wrapper.framework; name = CoreGraphics.framework; path = System/Library/Frameworks/CoreGraphics.framework; sourceTree = SDKROOT; };
		5F22F95119519655009CCD38 /* UIKit.framework */ = {isa = PBXFileReference; lastKnownFileType = wrapper.framework; name = UIKit.framework; path = System/Library/Frameworks/UIKit.framework; sourceTree = SDKROOT; };
		5F22F95519519655009CCD38 /* YRTransitionDemo-Info.plist */ = {isa = PBXFileReference; lastKnownFileType = text.plist.xml; path = "YRTransitionDemo-Info.plist"; sourceTree = "<group>"; };
		5F22F95719519655009CCD38 /* en */ = {isa = PBXFileReference; lastKnownFileType = text.plist.strings; name = en; path = en.lproj/InfoPlist.strings; sourceTree = "<group>"; };
		5F22F95919519655009CCD38 /* main.m */ = {isa = PBXFileReference; lastKnownFileType = sourcecode.c.objc; path = main.m; sourceTree = "<group>"; };
		5F22F95B19519655009CCD38 /* YRTransitionDemo-Prefix.pch */ = {isa = PBXFileReference; lastKnownFileType = sourcecode.c.h; path = "YRTransitionDemo-Prefix.pch"; sourceTree = "<group>"; };
		5F22F95C19519655009CCD38 /* AppDelegate.h */ = {isa = PBXFileReference; lastKnownFileType = sourcecode.c.h; path = AppDelegate.h; sourceTree = "<group>"; };
		5F22F95D19519655009CCD38 /* AppDelegate.m */ = {isa = PBXFileReference; lastKnownFileType = sourcecode.c.objc; path = AppDelegate.m; sourceTree = "<group>"; };
		5F22F95F19519655009CCD38 /* Images.xcassets */ = {isa = PBXFileReference; lastKnownFileType = folder.assetcatalog; path = Images.xcassets; sourceTree = "<group>"; };
		5F22F96519519655009CCD38 /* YRTransitionDemoTests.xctest */ = {isa = PBXFileReference; explicitFileType = wrapper.cfbundle; includeInIndex = 0; path = YRTransitionDemoTests.xctest; sourceTree = BUILT_PRODUCTS_DIR; };
		5F22F96619519655009CCD38 /* XCTest.framework */ = {isa = PBXFileReference; lastKnownFileType = wrapper.framework; name = XCTest.framework; path = Library/Frameworks/XCTest.framework; sourceTree = DEVELOPER_DIR; };
		5F22F96E19519655009CCD38 /* YRTransitionDemoTests-Info.plist */ = {isa = PBXFileReference; lastKnownFileType = text.plist.xml; path = "YRTransitionDemoTests-Info.plist"; sourceTree = "<group>"; };
		5F22F97019519655009CCD38 /* en */ = {isa = PBXFileReference; lastKnownFileType = text.plist.strings; name = en; path = en.lproj/InfoPlist.strings; sourceTree = "<group>"; };
		5F22F97219519655009CCD38 /* YRTransitionDemoTests.m */ = {isa = PBXFileReference; lastKnownFileType = sourcecode.c.objc; path = YRTransitionDemoTests.m; sourceTree = "<group>"; };
		5F22F97D19519666009CCD38 /* UINavigationController+YRTransition.h */ = {isa = PBXFileReference; fileEncoding = 4; lastKnownFileType = sourcecode.c.h; path = "UINavigationController+YRTransition.h"; sourceTree = "<group>"; };
		5F22F97E19519666009CCD38 /* UINavigationController+YRTransition.m */ = {isa = PBXFileReference; fileEncoding = 4; lastKnownFileType = sourcecode.c.objc; path = "UINavigationController+YRTransition.m"; sourceTree = "<group>"; };
		5F22F97F19519666009CCD38 /* UIView+YRTransition.h */ = {isa = PBXFileReference; fileEncoding = 4; lastKnownFileType = sourcecode.c.h; path = "UIView+YRTransition.h"; sourceTree = "<group>"; };
		5F22F98019519666009CCD38 /* UIView+YRTransition.m */ = {isa = PBXFileReference; fileEncoding = 4; lastKnownFileType = sourcecode.c.objc; path = "UIView+YRTransition.m"; sourceTree = "<group>"; };
		5F22F98119519666009CCD38 /* YRTransition.h */ = {isa = PBXFileReference; fileEncoding = 4; lastKnownFileType = sourcecode.c.h; path = YRTransition.h; sourceTree = "<group>"; };
		5F22F98219519666009CCD38 /* YRTransition.m */ = {isa = PBXFileReference; fileEncoding = 4; lastKnownFileType = sourcecode.c.objc; path = YRTransition.m; sourceTree = "<group>"; };
		5F22F98619519687009CCD38 /* RootViewController.h */ = {isa = PBXFileReference; fileEncoding = 4; lastKnownFileType = sourcecode.c.h; path = RootViewController.h; sourceTree = "<group>"; };
		5F22F98719519687009CCD38 /* RootViewController.m */ = {isa = PBXFileReference; fileEncoding = 4; lastKnownFileType = sourcecode.c.objc; path = RootViewController.m; sourceTree = "<group>"; };
/* End PBXFileReference section */

/* Begin PBXFrameworksBuildPhase section */
		5F22F94719519655009CCD38 /* Frameworks */ = {
			isa = PBXFrameworksBuildPhase;
			buildActionMask = 2147483647;
			files = (
				5F22F95019519655009CCD38 /* CoreGraphics.framework in Frameworks */,
				5F22F95219519655009CCD38 /* UIKit.framework in Frameworks */,
				5F22F94E19519655009CCD38 /* Foundation.framework in Frameworks */,
			);
			runOnlyForDeploymentPostprocessing = 0;
		};
		5F22F96219519655009CCD38 /* Frameworks */ = {
			isa = PBXFrameworksBuildPhase;
			buildActionMask = 2147483647;
			files = (
				5F22F96719519655009CCD38 /* XCTest.framework in Frameworks */,
				5F22F96919519655009CCD38 /* UIKit.framework in Frameworks */,
				5F22F96819519655009CCD38 /* Foundation.framework in Frameworks */,
			);
			runOnlyForDeploymentPostprocessing = 0;
		};
/* End PBXFrameworksBuildPhase section */

/* Begin PBXGroup section */
		5F22F94119519655009CCD38 = {
			isa = PBXGroup;
			children = (
				5F22F95319519655009CCD38 /* YRTransitionDemo */,
				5F22F96C19519655009CCD38 /* YRTransitionDemoTests */,
				5F22F94C19519655009CCD38 /* Frameworks */,
				5F22F94B19519655009CCD38 /* Products */,
			);
			sourceTree = "<group>";
		};
		5F22F94B19519655009CCD38 /* Products */ = {
			isa = PBXGroup;
			children = (
				5F22F94A19519655009CCD38 /* YRTransitionDemo.app */,
				5F22F96519519655009CCD38 /* YRTransitionDemoTests.xctest */,
			);
			name = Products;
			sourceTree = "<group>";
		};
		5F22F94C19519655009CCD38 /* Frameworks */ = {
			isa = PBXGroup;
			children = (
				5F22F94D19519655009CCD38 /* Foundation.framework */,
				5F22F94F19519655009CCD38 /* CoreGraphics.framework */,
				5F22F95119519655009CCD38 /* UIKit.framework */,
				5F22F96619519655009CCD38 /* XCTest.framework */,
			);
			name = Frameworks;
			sourceTree = "<group>";
		};
		5F22F95319519655009CCD38 /* YRTransitionDemo */ = {
			isa = PBXGroup;
			children = (
				5F22F97C19519666009CCD38 /* YRTransition */,
				5F22F95C19519655009CCD38 /* AppDelegate.h */,
				5F22F95D19519655009CCD38 /* AppDelegate.m */,
				5F22F95F19519655009CCD38 /* Images.xcassets */,
				5F22F95419519655009CCD38 /* Supporting Files */,
				5F22F98619519687009CCD38 /* RootViewController.h */,
				5F22F98719519687009CCD38 /* RootViewController.m */,
			);
			path = YRTransitionDemo;
			sourceTree = "<group>";
		};
		5F22F95419519655009CCD38 /* Supporting Files */ = {
			isa = PBXGroup;
			children = (
				5F22F95519519655009CCD38 /* YRTransitionDemo-Info.plist */,
				5F22F95619519655009CCD38 /* InfoPlist.strings */,
				5F22F95919519655009CCD38 /* main.m */,
				5F22F95B19519655009CCD38 /* YRTransitionDemo-Prefix.pch */,
			);
			name = "Supporting Files";
			sourceTree = "<group>";
		};
		5F22F96C19519655009CCD38 /* YRTransitionDemoTests */ = {
			isa = PBXGroup;
			children = (
				5F22F97219519655009CCD38 /* YRTransitionDemoTests.m */,
				5F22F96D19519655009CCD38 /* Supporting Files */,
			);
			path = YRTransitionDemoTests;
			sourceTree = "<group>";
		};
		5F22F96D19519655009CCD38 /* Supporting Files */ = {
			isa = PBXGroup;
			children = (
				5F22F96E19519655009CCD38 /* YRTransitionDemoTests-Info.plist */,
				5F22F96F19519655009CCD38 /* InfoPlist.strings */,
			);
			name = "Supporting Files";
			sourceTree = "<group>";
		};
		5F22F97C19519666009CCD38 /* YRTransition */ = {
			isa = PBXGroup;
			children = (
				5F22F97D19519666009CCD38 /* UINavigationController+YRTransition.h */,
				5F22F97E19519666009CCD38 /* UINavigationController+YRTransition.m */,
				5F22F97F19519666009CCD38 /* UIView+YRTransition.h */,
				5F22F98019519666009CCD38 /* UIView+YRTransition.m */,
				5F22F98119519666009CCD38 /* YRTransition.h */,
				5F22F98219519666009CCD38 /* YRTransition.m */,
			);
			name = YRTransition;
			path = ../../YRTransition;
			sourceTree = "<group>";
		};
/* End PBXGroup section */

/* Begin PBXNativeTarget section */
		5F22F94919519655009CCD38 /* YRTransitionDemo */ = {
			isa = PBXNativeTarget;
			buildConfigurationList = 5F22F97619519655009CCD38 /* Build configuration list for PBXNativeTarget "YRTransitionDemo" */;
			buildPhases = (
				5F22F94619519655009CCD38 /* Sources */,
				5F22F94719519655009CCD38 /* Frameworks */,
				5F22F94819519655009CCD38 /* Resources */,
			);
			buildRules = (
			);
			dependencies = (
			);
			name = YRTransitionDemo;
			productName = YRTransitionDemo;
			productReference = 5F22F94A19519655009CCD38 /* YRTransitionDemo.app */;
			productType = "com.apple.product-type.application";
		};
		5F22F96419519655009CCD38 /* YRTransitionDemoTests */ = {
			isa = PBXNativeTarget;
			buildConfigurationList = 5F22F97919519655009CCD38 /* Build configuration list for PBXNativeTarget "YRTransitionDemoTests" */;
			buildPhases = (
				5F22F96119519655009CCD38 /* Sources */,
				5F22F96219519655009CCD38 /* Frameworks */,
				5F22F96319519655009CCD38 /* Resources */,
			);
			buildRules = (
			);
			dependencies = (
				5F22F96B19519655009CCD38 /* PBXTargetDependency */,
			);
			name = YRTransitionDemoTests;
			productName = YRTransitionDemoTests;
			productReference = 5F22F96519519655009CCD38 /* YRTransitionDemoTests.xctest */;
			productType = "com.apple.product-type.bundle.unit-test";
		};
/* End PBXNativeTarget section */

/* Begin PBXProject section */
		5F22F94219519655009CCD38 /* Project object */ = {
			isa = PBXProject;
			attributes = {
				LastUpgradeCheck = 0510;
				ORGANIZATIONNAME = YueRuo;
				TargetAttributes = {
					5F22F96419519655009CCD38 = {
						TestTargetID = 5F22F94919519655009CCD38;
					};
				};
			};
			buildConfigurationList = 5F22F94519519655009CCD38 /* Build configuration list for PBXProject "YRTransitionDemo" */;
			compatibilityVersion = "Xcode 3.2";
			developmentRegion = English;
			hasScannedForEncodings = 0;
			knownRegions = (
				en,
			);
			mainGroup = 5F22F94119519655009CCD38;
			productRefGroup = 5F22F94B19519655009CCD38 /* Products */;
			projectDirPath = "";
			projectRoot = "";
			targets = (
				5F22F94919519655009CCD38 /* YRTransitionDemo */,
				5F22F96419519655009CCD38 /* YRTransitionDemoTests */,
			);
		};
/* End PBXProject section */

/* Begin PBXResourcesBuildPhase section */
		5F22F94819519655009CCD38 /* Resources */ = {
			isa = PBXResourcesBuildPhase;
			buildActionMask = 2147483647;
			files = (
				5F22F95819519655009CCD38 /* InfoPlist.strings in Resources */,
				5F22F96019519655009CCD38 /* Images.xcassets in Resources */,
			);
			runOnlyForDeploymentPostprocessing = 0;
		};
		5F22F96319519655009CCD38 /* Resources */ = {
			isa = PBXResourcesBuildPhase;
			buildActionMask = 2147483647;
			files = (
				5F22F97119519655009CCD38 /* InfoPlist.strings in Resources */,
			);
			runOnlyForDeploymentPostprocessing = 0;
		};
/* End PBXResourcesBuildPhase section */

/* Begin PBXSourcesBuildPhase section */
		5F22F94619519655009CCD38 /* Sources */ = {
			isa = PBXSourcesBuildPhase;
			buildActionMask = 2147483647;
			files = (
				5F22F98319519666009CCD38 /* UINavigationController+YRTransition.m in Sources */,
				5F22F95E19519655009CCD38 /* AppDelegate.m in Sources */,
				5F22F98819519687009CCD38 /* RootViewController.m in Sources */,
				5F22F98519519666009CCD38 /* YRTransition.m in Sources */,
				5F22F98419519666009CCD38 /* UIView+YRTransition.m in Sources */,
				5F22F95A19519655009CCD38 /* main.m in Sources */,
			);
			runOnlyForDeploymentPostprocessing = 0;
		};
		5F22F96119519655009CCD38 /* Sources */ = {
			isa = PBXSourcesBuildPhase;
			buildActionMask = 2147483647;
			files = (
				5F22F97319519655009CCD38 /* YRTransitionDemoTests.m in Sources */,
			);
			runOnlyForDeploymentPostprocessing = 0;
		};
/* End PBXSourcesBuildPhase section */

/* Begin PBXTargetDependency section */
		5F22F96B19519655009CCD38 /* PBXTargetDependency */ = {
			isa = PBXTargetDependency;
			target = 5F22F94919519655009CCD38 /* YRTransitionDemo */;
			targetProxy = 5F22F96A19519655009CCD38 /* PBXContainerItemProxy */;
		};
/* End PBXTargetDependency section */

/* Begin PBXVariantGroup section */
		5F22F95619519655009CCD38 /* InfoPlist.strings */ = {
			isa = PBXVariantGroup;
			children = (
				5F22F95719519655009CCD38 /* en */,
			);
			name = InfoPlist.strings;
			sourceTree = "<group>";
		};
		5F22F96F19519655009CCD38 /* InfoPlist.strings */ = {
			isa = PBXVariantGroup;
			children = (
				5F22F97019519655009CCD38 /* en */,
			);
			name = InfoPlist.strings;
			sourceTree = "<group>";
		};
/* End PBXVariantGroup section */

/* Begin XCBuildConfiguration section */
		5F22F97419519655009CCD38 /* Debug */ = {
			isa = XCBuildConfiguration;
			buildSettings = {
				ALWAYS_SEARCH_USER_PATHS = NO;
				CLANG_CXX_LANGUAGE_STANDARD = "gnu++0x";
				CLANG_CXX_LIBRARY = "libc++";
				CLANG_ENABLE_MODULES = YES;
				CLANG_ENABLE_OBJC_ARC = YES;
				CLANG_WARN_BOOL_CONVERSION = YES;
				CLANG_WARN_CONSTANT_CONVERSION = YES;
				CLANG_WARN_DIRECT_OBJC_ISA_USAGE = YES_ERROR;
				CLANG_WARN_EMPTY_BODY = YES;
				CLANG_WARN_ENUM_CONVERSION = YES;
				CLANG_WARN_INT_CONVERSION = YES;
				CLANG_WARN_OBJC_ROOT_CLASS = YES_ERROR;
				CLANG_WARN__DUPLICATE_METHOD_MATCH = YES;
				"CODE_SIGN_IDENTITY[sdk=iphoneos*]" = "iPhone Developer";
				COPY_PHASE_STRIP = NO;
				GCC_C_LANGUAGE_STANDARD = gnu99;
				GCC_DYNAMIC_NO_PIC = NO;
				GCC_OPTIMIZATION_LEVEL = 0;
				GCC_PREPROCESSOR_DEFINITIONS = (
					"DEBUG=1",
					"$(inherited)",
				);
				GCC_SYMBOLS_PRIVATE_EXTERN = NO;
				GCC_WARN_64_TO_32_BIT_CONVERSION = YES;
				GCC_WARN_ABOUT_RETURN_TYPE = YES_ERROR;
				GCC_WARN_UNDECLARED_SELECTOR = YES;
				GCC_WARN_UNINITIALIZED_AUTOS = YES_AGGRESSIVE;
				GCC_WARN_UNUSED_FUNCTION = YES;
				GCC_WARN_UNUSED_VARIABLE = YES;
				IPHONEOS_DEPLOYMENT_TARGET = 7.1;
				ONLY_ACTIVE_ARCH = YES;
				SDKROOT = iphoneos;
			};
			name = Debug;
		};
		5F22F97519519655009CCD38 /* Release */ = {
			isa = XCBuildConfiguration;
			buildSettings = {
				ALWAYS_SEARCH_USER_PATHS = NO;
				CLANG_CXX_LANGUAGE_STANDARD = "gnu++0x";
				CLANG_CXX_LIBRARY = "libc++";
				CLANG_ENABLE_MODULES = YES;
				CLANG_ENABLE_OBJC_ARC = YES;
				CLANG_WARN_BOOL_CONVERSION = YES;
				CLANG_WARN_CONSTANT_CONVERSION = YES;
				CLANG_WARN_DIRECT_OBJC_ISA_USAGE = YES_ERROR;
				CLANG_WARN_EMPTY_BODY = YES;
				CLANG_WARN_ENUM_CONVERSION = YES;
				CLANG_WARN_INT_CONVERSION = YES;
				CLANG_WARN_OBJC_ROOT_CLASS = YES_ERROR;
				CLANG_WARN__DUPLICATE_METHOD_MATCH = YES;
				"CODE_SIGN_IDENTITY[sdk=iphoneos*]" = "iPhone Developer";
				COPY_PHASE_STRIP = YES;
				ENABLE_NS_ASSERTIONS = NO;
				GCC_C_LANGUAGE_STANDARD = gnu99;
				GCC_WARN_64_TO_32_BIT_CONVERSION = YES;
				GCC_WARN_ABOUT_RETURN_TYPE = YES_ERROR;
				GCC_WARN_UNDECLARED_SELECTOR = YES;
				GCC_WARN_UNINITIALIZED_AUTOS = YES_AGGRESSIVE;
				GCC_WARN_UNUSED_FUNCTION = YES;
				GCC_WARN_UNUSED_VARIABLE = YES;
				IPHONEOS_DEPLOYMENT_TARGET = 7.1;
				SDKROOT = iphoneos;
				VALIDATE_PRODUCT = YES;
			};
			name = Release;
		};
		5F22F97719519655009CCD38 /* Debug */ = {
			isa = XCBuildConfiguration;
			buildSettings = {
				ASSETCATALOG_COMPILER_APPICON_NAME = AppIcon;
				ASSETCATALOG_COMPILER_LAUNCHIMAGE_NAME = LaunchImage;
				GCC_PRECOMPILE_PREFIX_HEADER = YES;
				GCC_PREFIX_HEADER = "YRTransitionDemo/YRTransitionDemo-Prefix.pch";
				INFOPLIST_FILE = "YRTransitionDemo/YRTransitionDemo-Info.plist";
				IPHONEOS_DEPLOYMENT_TARGET = 6.0;
				PRODUCT_NAME = "$(TARGET_NAME)";
				WRAPPER_EXTENSION = app;
			};
			name = Debug;
		};
		5F22F97819519655009CCD38 /* Release */ = {
			isa = XCBuildConfiguration;
			buildSettings = {
				ASSETCATALOG_COMPILER_APPICON_NAME = AppIcon;
				ASSETCATALOG_COMPILER_LAUNCHIMAGE_NAME = LaunchImage;
				GCC_PRECOMPILE_PREFIX_HEADER = YES;
				GCC_PREFIX_HEADER = "YRTransitionDemo/YRTransitionDemo-Prefix.pch";
				INFOPLIST_FILE = "YRTransitionDemo/YRTransitionDemo-Info.plist";
				IPHONEOS_DEPLOYMENT_TARGET = 6.0;
				PRODUCT_NAME = "$(TARGET_NAME)";
				WRAPPER_EXTENSION = app;
			};
			name = Release;
		};
		5F22F97A19519655009CCD38 /* Debug */ = {
			isa = XCBuildConfiguration;
			buildSettings = {
				BUNDLE_LOADER = "$(BUILT_PRODUCTS_DIR)/YRTransitionDemo.app/YRTransitionDemo";
				FRAMEWORK_SEARCH_PATHS = (
					"$(SDKROOT)/Developer/Library/Frameworks",
					"$(inherited)",
					"$(DEVELOPER_FRAMEWORKS_DIR)",
				);
				GCC_PRECOMPILE_PREFIX_HEADER = YES;
				GCC_PREFIX_HEADER = "YRTransitionDemo/YRTransitionDemo-Prefix.pch";
				GCC_PREPROCESSOR_DEFINITIONS = (
					"DEBUG=1",
					"$(inherited)",
				);
				INFOPLIST_FILE = "YRTransitionDemoTests/YRTransitionDemoTests-Info.plist";
				PRODUCT_NAME = "$(TARGET_NAME)";
				TEST_HOST = "$(BUNDLE_LOADER)";
				WRAPPER_EXTENSION = xctest;
			};
			name = Debug;
		};
		5F22F97B19519655009CCD38 /* Release */ = {
			isa = XCBuildConfiguration;
			buildSettings = {
				BUNDLE_LOADER = "$(BUILT_PRODUCTS_DIR)/YRTransitionDemo.app/YRTransitionDemo";
				FRAMEWORK_SEARCH_PATHS = (
					"$(SDKROOT)/Developer/Library/Frameworks",
					"$(inherited)",
					"$(DEVELOPER_FRAMEWORKS_DIR)",
				);
				GCC_PRECOMPILE_PREFIX_HEADER = YES;
				GCC_PREFIX_HEADER = "YRTransitionDemo/YRTransitionDemo-Prefix.pch";
				INFOPLIST_FILE = "YRTransitionDemoTests/YRTransitionDemoTests-Info.plist";
				PRODUCT_NAME = "$(TARGET_NAME)";
				TEST_HOST = "$(BUNDLE_LOADER)";
				WRAPPER_EXTENSION = xctest;
			};
			name = Release;
		};
/* End XCBuildConfiguration section */

/* Begin XCConfigurationList section */
		5F22F94519519655009CCD38 /* Build configuration list for PBXProject "YRTransitionDemo" */ = {
			isa = XCConfigurationList;
			buildConfigurations = (
				5F22F97419519655009CCD38 /* Debug */,
				5F22F97519519655009CCD38 /* Release */,
			);
			defaultConfigurationIsVisible = 0;
			defaultConfigurationName = Release;
		};
		5F22F97619519655009CCD38 /* Build configuration list for PBXNativeTarget "YRTransitionDemo" */ = {
			isa = XCConfigurationList;
			buildConfigurations = (
				5F22F97719519655009CCD38 /* Debug */,
				5F22F97819519655009CCD38 /* Release */,
			);
			defaultConfigurationIsVisible = 0;
		};
		5F22F97919519655009CCD38 /* Build configuration list for PBXNativeTarget "YRTransitionDemoTests" */ = {
			isa = XCConfigurationList;
			buildConfigurations = (
				5F22F97A19519655009CCD38 /* Debug */,
				5F22F97B19519655009CCD38 /* Release */,
			);
			defaultConfigurationIsVisible = 0;
		};
/* End XCConfigurationList section */
	};
	rootObject = 5F22F94219519655009CCD38 /* Project object */;
}
